// !$*UTF8*$!
{
	archiveVersion = 1;
	classes = {
	};
	objectVersion = 54;
	objects = {

/* Begin PBXBuildFile section */
		0E8E5031D4E430A20988FB93 /* (null) in Frameworks */ = {isa = PBXBuildFile; };
		22F5C8F7E8C34A34F1151056 /* libPods-BoilerPlate-BoilerPlate_staging.a in Frameworks */ = {isa = PBXBuildFile; fileRef = 003FD6D645CC4B387A1F752E /* libPods-BoilerPlate-BoilerPlate_staging.a */; };
		43742A4C2AC69A1900791A18 /* Exo2-ExtraBoldItalic.ttf in Resources */ = {isa = PBXBuildFile; fileRef = 43B5889629191ED900C040E9 /* Exo2-ExtraBoldItalic.ttf */; };
		43742A4D2AC69A1900791A18 /* Roboto-Bold.ttf in Resources */ = {isa = PBXBuildFile; fileRef = 43B5888B29191EB800C040E9 /* Roboto-Bold.ttf */; };
		43742A4E2AC69A1900791A18 /* Roboto-Regular.ttf in Resources */ = {isa = PBXBuildFile; fileRef = 43B5888C29191EB800C040E9 /* Roboto-Regular.ttf */; };
		43742A4F2AC69A1900791A18 /* Images.xcassets in Resources */ = {isa = PBXBuildFile; fileRef = 13B07FB51A68108700A75B9A /* Images.xcassets */; };
		43742A502AC69A1900791A18 /* LaunchScreen.storyboard in Resources */ = {isa = PBXBuildFile; fileRef = 81AB9BB72411601600AC10FF /* LaunchScreen.storyboard */; };
		43742A552AC6A05900791A18 /* AppDelegate.mm in Sources */ = {isa = PBXBuildFile; fileRef = 13B07FB01A68108700A75B9A /* AppDelegate.mm */; };
		43742A562AC6A05900791A18 /* main.m in Sources */ = {isa = PBXBuildFile; fileRef = 13B07FB71A68108700A75B9A /* main.m */; };
		43742A5A2AC6A05900791A18 /* Exo2-ExtraBoldItalic.ttf in Resources */ = {isa = PBXBuildFile; fileRef = 43B5889629191ED900C040E9 /* Exo2-ExtraBoldItalic.ttf */; };
		43742A5B2AC6A05900791A18 /* Roboto-Bold.ttf in Resources */ = {isa = PBXBuildFile; fileRef = 43B5888B29191EB800C040E9 /* Roboto-Bold.ttf */; };
		43742A5C2AC6A05900791A18 /* Roboto-Regular.ttf in Resources */ = {isa = PBXBuildFile; fileRef = 43B5888C29191EB800C040E9 /* Roboto-Regular.ttf */; };
		43742A5D2AC6A05900791A18 /* Images.xcassets in Resources */ = {isa = PBXBuildFile; fileRef = 13B07FB51A68108700A75B9A /* Images.xcassets */; };
		43742A5E2AC6A05900791A18 /* LaunchScreen.storyboard in Resources */ = {isa = PBXBuildFile; fileRef = 81AB9BB72411601600AC10FF /* LaunchScreen.storyboard */; };
		43742A6D2AC6A06A00791A18 /* AppDelegate.mm in Sources */ = {isa = PBXBuildFile; fileRef = 13B07FB01A68108700A75B9A /* AppDelegate.mm */; };
		43742A6E2AC6A06A00791A18 /* main.m in Sources */ = {isa = PBXBuildFile; fileRef = 13B07FB71A68108700A75B9A /* main.m */; };
		43742A722AC6A06A00791A18 /* Exo2-ExtraBoldItalic.ttf in Resources */ = {isa = PBXBuildFile; fileRef = 43B5889629191ED900C040E9 /* Exo2-ExtraBoldItalic.ttf */; };
		43742A732AC6A06A00791A18 /* Roboto-Bold.ttf in Resources */ = {isa = PBXBuildFile; fileRef = 43B5888B29191EB800C040E9 /* Roboto-Bold.ttf */; };
		43742A742AC6A06A00791A18 /* Roboto-Regular.ttf in Resources */ = {isa = PBXBuildFile; fileRef = 43B5888C29191EB800C040E9 /* Roboto-Regular.ttf */; };
		43742A752AC6A06A00791A18 /* Images.xcassets in Resources */ = {isa = PBXBuildFile; fileRef = 13B07FB51A68108700A75B9A /* Images.xcassets */; };
		43742A762AC6A06A00791A18 /* LaunchScreen.storyboard in Resources */ = {isa = PBXBuildFile; fileRef = 81AB9BB72411601600AC10FF /* LaunchScreen.storyboard */; };
		43B5885C2919196500C040E9 /* AppDelegate.mm in Sources */ = {isa = PBXBuildFile; fileRef = 13B07FB01A68108700A75B9A /* AppDelegate.mm */; };
		43B5885D2919196500C040E9 /* main.m in Sources */ = {isa = PBXBuildFile; fileRef = 13B07FB71A68108700A75B9A /* main.m */; };
		4AAB4114A9548B3B8F898513 /* libPods-BoilerPlate-BoilerPlate_development.a in Frameworks */ = {isa = PBXBuildFile; fileRef = C972CA539ABB2C1F827E1610 /* libPods-BoilerPlate-BoilerPlate_development.a */; };
/* End PBXBuildFile section */

/* Begin PBXCopyFilesBuildPhase section */
		43742A632AC6A05900791A18 /* Embed App Extensions */ = {
			isa = PBXCopyFilesBuildPhase;
			buildActionMask = 2147483647;
			dstPath = "";
			dstSubfolderSpec = 13;
			files = (
			);
			name = "Embed App Extensions";
			runOnlyForDeploymentPostprocessing = 0;
		};
		43742A7B2AC6A06A00791A18 /* Embed App Extensions */ = {
			isa = PBXCopyFilesBuildPhase;
			buildActionMask = 2147483647;
			dstPath = "";
			dstSubfolderSpec = 13;
			files = (
			);
			name = "Embed App Extensions";
			runOnlyForDeploymentPostprocessing = 0;
		};
		43B5886A2919196500C040E9 /* Embed App Extensions */ = {
			isa = PBXCopyFilesBuildPhase;
			buildActionMask = 2147483647;
			dstPath = "";
			dstSubfolderSpec = 13;
			files = (
			);
			name = "Embed App Extensions";
			runOnlyForDeploymentPostprocessing = 0;
		};
/* End PBXCopyFilesBuildPhase section */

/* Begin PBXFileReference section */
		003FD6D645CC4B387A1F752E /* libPods-BoilerPlate-BoilerPlate_staging.a */ = {isa = PBXFileReference; explicitFileType = archive.ar; includeInIndex = 0; path = "libPods-BoilerPlate-BoilerPlate_staging.a"; sourceTree = BUILT_PRODUCTS_DIR; };
		13B07FAF1A68108700A75B9A /* AppDelegate.h */ = {isa = PBXFileReference; fileEncoding = 4; lastKnownFileType = sourcecode.c.h; name = AppDelegate.h; path = BoilerPlate/AppDelegate.h; sourceTree = "<group>"; };
		13B07FB01A68108700A75B9A /* AppDelegate.mm */ = {isa = PBXFileReference; fileEncoding = 4; lastKnownFileType = sourcecode.cpp.objcpp; name = AppDelegate.mm; path = BoilerPlate/AppDelegate.mm; sourceTree = "<group>"; };
		13B07FB51A68108700A75B9A /* Images.xcassets */ = {isa = PBXFileReference; lastKnownFileType = folder.assetcatalog; name = Images.xcassets; path = BoilerPlate/Images.xcassets; sourceTree = "<group>"; };
		13B07FB61A68108700A75B9A /* Info.plist */ = {isa = PBXFileReference; fileEncoding = 4; lastKnownFileType = text.plist.xml; name = Info.plist; path = BoilerPlate/Info.plist; sourceTree = "<group>"; };
		13B07FB71A68108700A75B9A /* main.m */ = {isa = PBXFileReference; fileEncoding = 4; lastKnownFileType = sourcecode.c.objc; name = main.m; path = BoilerPlate/main.m; sourceTree = "<group>"; };
		15FAA6213457E754B89DA375 /* Pods-BoilerPlate-BoilerPlate_development.release.xcconfig */ = {isa = PBXFileReference; includeInIndex = 1; lastKnownFileType = text.xcconfig; name = "Pods-BoilerPlate-BoilerPlate_development.release.xcconfig"; path = "Target Support Files/Pods-BoilerPlate-BoilerPlate_development/Pods-BoilerPlate-BoilerPlate_development.release.xcconfig"; sourceTree = "<group>"; };
		25F9D886A299272A050A361F /* Pods-BoilerPlate.debug.xcconfig */ = {isa = PBXFileReference; includeInIndex = 1; lastKnownFileType = text.xcconfig; name = "Pods-BoilerPlate.debug.xcconfig"; path = "Target Support Files/Pods-BoilerPlate/Pods-BoilerPlate.debug.xcconfig"; sourceTree = "<group>"; };
		4371EE852AC688EC0077AECE /* BoilerPlate.app */ = {isa = PBXFileReference; explicitFileType = wrapper.application; includeInIndex = 0; path = BoilerPlate.app; sourceTree = BUILT_PRODUCTS_DIR; };
		43742A672AC6A05900791A18 /* BoilerPlate_development.app */ = {isa = PBXFileReference; explicitFileType = wrapper.application; includeInIndex = 0; path = BoilerPlate_development.app; sourceTree = BUILT_PRODUCTS_DIR; };
		43742A682AC6A05900791A18 /* BoilerPlate_development.plist */ = {isa = PBXFileReference; lastKnownFileType = text.plist.xml; name = BoilerPlate_development.plist; path = "/Users/mahesh.vr/Keyless-Courier-App/Mobile/ios/BoilerPlate_development.plist"; sourceTree = "<absolute>"; };
		43742A7F2AC6A06A00791A18 /* BoilerPlate_staging.app */ = {isa = PBXFileReference; explicitFileType = wrapper.application; includeInIndex = 0; path = BoilerPlate_staging.app; sourceTree = BUILT_PRODUCTS_DIR; };
		43742A802AC6A06A00791A18 /* BoilerPlate_staging.plist */ = {isa = PBXFileReference; lastKnownFileType = text.plist.xml; name = BoilerPlate_staging.plist; path = "/Users/mahesh.vr/Keyless-Courier-App/Mobile/ios/BoilerPlate_staging.plist"; sourceTree = "<absolute>"; };
		43B58794291915E900C040E9 /* IntentsUI.framework */ = {isa = PBXFileReference; lastKnownFileType = wrapper.framework; name = IntentsUI.framework; path = System/Library/Frameworks/IntentsUI.framework; sourceTree = SDKROOT; };
		43B5888B29191EB800C040E9 /* Roboto-Bold.ttf */ = {isa = PBXFileReference; lastKnownFileType = file; name = "Roboto-Bold.ttf"; path = "../app/assets/fonts/Roboto-Bold.ttf"; sourceTree = "<group>"; };
		43B5888C29191EB800C040E9 /* Roboto-Regular.ttf */ = {isa = PBXFileReference; lastKnownFileType = file; name = "Roboto-Regular.ttf"; path = "../app/assets/fonts/Roboto-Regular.ttf"; sourceTree = "<group>"; };
		43B5889629191ED900C040E9 /* Exo2-ExtraBoldItalic.ttf */ = {isa = PBXFileReference; lastKnownFileType = file; name = "Exo2-ExtraBoldItalic.ttf"; path = "../app/assets/fonts/Exo2-ExtraBoldItalic.ttf"; sourceTree = "<group>"; };
		4B69BE75C9381D425D8DEA09 /* Pods-BoilerPlate-BoilerPlate_staging.debug.xcconfig */ = {isa = PBXFileReference; includeInIndex = 1; lastKnownFileType = text.xcconfig; name = "Pods-BoilerPlate-BoilerPlate_staging.debug.xcconfig"; path = "Target Support Files/Pods-BoilerPlate-BoilerPlate_staging/Pods-BoilerPlate-BoilerPlate_staging.debug.xcconfig"; sourceTree = "<group>"; };
		5C0EB1B981A8B6BD2D941359 /* Pods-BoilerPlate-BoilerPlate_development.debug.xcconfig */ = {isa = PBXFileReference; includeInIndex = 1; lastKnownFileType = text.xcconfig; name = "Pods-BoilerPlate-BoilerPlate_development.debug.xcconfig"; path = "Target Support Files/Pods-BoilerPlate-BoilerPlate_development/Pods-BoilerPlate-BoilerPlate_development.debug.xcconfig"; sourceTree = "<group>"; };
		81AB9BB72411601600AC10FF /* LaunchScreen.storyboard */ = {isa = PBXFileReference; fileEncoding = 4; lastKnownFileType = file.storyboard; name = LaunchScreen.storyboard; path = BoilerPlate/LaunchScreen.storyboard; sourceTree = "<group>"; };
		B2D740CBD03569BB04818C92 /* Pods-BoilerPlate.release.xcconfig */ = {isa = PBXFileReference; includeInIndex = 1; lastKnownFileType = text.xcconfig; name = "Pods-BoilerPlate.release.xcconfig"; path = "Target Support Files/Pods-BoilerPlate/Pods-BoilerPlate.release.xcconfig"; sourceTree = "<group>"; };
		C972CA539ABB2C1F827E1610 /* libPods-BoilerPlate-BoilerPlate_development.a */ = {isa = PBXFileReference; explicitFileType = archive.ar; includeInIndex = 0; path = "libPods-BoilerPlate-BoilerPlate_development.a"; sourceTree = BUILT_PRODUCTS_DIR; };
		D8B1FA5BE97539C99D6A018B /* Pods-BoilerPlate-BoilerPlate_staging.release.xcconfig */ = {isa = PBXFileReference; includeInIndex = 1; lastKnownFileType = text.xcconfig; name = "Pods-BoilerPlate-BoilerPlate_staging.release.xcconfig"; path = "Target Support Files/Pods-BoilerPlate-BoilerPlate_staging/Pods-BoilerPlate-BoilerPlate_staging.release.xcconfig"; sourceTree = "<group>"; };
		ED297162215061F000B7C4FE /* JavaScriptCore.framework */ = {isa = PBXFileReference; lastKnownFileType = wrapper.framework; name = JavaScriptCore.framework; path = System/Library/Frameworks/JavaScriptCore.framework; sourceTree = SDKROOT; };
/* End PBXFileReference section */

/* Begin PBXFrameworksBuildPhase section */
		43742A572AC6A05900791A18 /* Frameworks */ = {
			isa = PBXFrameworksBuildPhase;
			buildActionMask = 2147483647;
			files = (
				4AAB4114A9548B3B8F898513 /* libPods-BoilerPlate-BoilerPlate_development.a in Frameworks */,
			);
			runOnlyForDeploymentPostprocessing = 0;
		};
		43742A6F2AC6A06A00791A18 /* Frameworks */ = {
			isa = PBXFrameworksBuildPhase;
			buildActionMask = 2147483647;
			files = (
				22F5C8F7E8C34A34F1151056 /* libPods-BoilerPlate-BoilerPlate_staging.a in Frameworks */,
			);
			runOnlyForDeploymentPostprocessing = 0;
		};
		43B5885E2919196500C040E9 /* Frameworks */ = {
			isa = PBXFrameworksBuildPhase;
			buildActionMask = 2147483647;
			files = (
				0E8E5031D4E430A20988FB93 /* (null) in Frameworks */,
			);
			runOnlyForDeploymentPostprocessing = 0;
		};
/* End PBXFrameworksBuildPhase section */

/* Begin PBXGroup section */
		13B07FAE1A68108700A75B9A /* BoilerPlate */ = {
			isa = PBXGroup;
			children = (
				13B07FAF1A68108700A75B9A /* AppDelegate.h */,
				13B07FB01A68108700A75B9A /* AppDelegate.mm */,
				13B07FB51A68108700A75B9A /* Images.xcassets */,
				13B07FB61A68108700A75B9A /* Info.plist */,
				81AB9BB72411601600AC10FF /* LaunchScreen.storyboard */,
				13B07FB71A68108700A75B9A /* main.m */,
			);
			name = BoilerPlate;
			sourceTree = "<group>";
		};
		2D16E6871FA4F8E400B85C8A /* Frameworks */ = {
			isa = PBXGroup;
			children = (
				ED297162215061F000B7C4FE /* JavaScriptCore.framework */,
				43B58794291915E900C040E9 /* IntentsUI.framework */,
				C972CA539ABB2C1F827E1610 /* libPods-BoilerPlate-BoilerPlate_development.a */,
				003FD6D645CC4B387A1F752E /* libPods-BoilerPlate-BoilerPlate_staging.a */,
			);
			name = Frameworks;
			sourceTree = "<group>";
		};
		832341AE1AAA6A7D00B99B32 /* Libraries */ = {
			isa = PBXGroup;
			children = (
			);
			name = Libraries;
			sourceTree = "<group>";
		};
		83CBB9F61A601CBA00E9B192 = {
			isa = PBXGroup;
			children = (
				43B5889629191ED900C040E9 /* Exo2-ExtraBoldItalic.ttf */,
				43B5888B29191EB800C040E9 /* Roboto-Bold.ttf */,
				43B5888C29191EB800C040E9 /* Roboto-Regular.ttf */,
				13B07FAE1A68108700A75B9A /* BoilerPlate */,
				832341AE1AAA6A7D00B99B32 /* Libraries */,
				2D16E6871FA4F8E400B85C8A /* Frameworks */,
				BBD78D7AC51CEA395F1C20DB /* Pods */,
				4371EE852AC688EC0077AECE /* BoilerPlate.app */,
				43742A672AC6A05900791A18 /* BoilerPlate_development.app */,
				43742A682AC6A05900791A18 /* BoilerPlate_development.plist */,
				43742A7F2AC6A06A00791A18 /* BoilerPlate_staging.app */,
				43742A802AC6A06A00791A18 /* BoilerPlate_staging.plist */,
			);
			indentWidth = 2;
			sourceTree = "<group>";
			tabWidth = 2;
			usesTabs = 0;
		};
		BBD78D7AC51CEA395F1C20DB /* Pods */ = {
			isa = PBXGroup;
			children = (
				25F9D886A299272A050A361F /* Pods-BoilerPlate.debug.xcconfig */,
				B2D740CBD03569BB04818C92 /* Pods-BoilerPlate.release.xcconfig */,
				5C0EB1B981A8B6BD2D941359 /* Pods-BoilerPlate-BoilerPlate_development.debug.xcconfig */,
				15FAA6213457E754B89DA375 /* Pods-BoilerPlate-BoilerPlate_development.release.xcconfig */,
				4B69BE75C9381D425D8DEA09 /* Pods-BoilerPlate-BoilerPlate_staging.debug.xcconfig */,
				D8B1FA5BE97539C99D6A018B /* Pods-BoilerPlate-BoilerPlate_staging.release.xcconfig */,
			);
			path = Pods;
			sourceTree = "<group>";
		};
/* End PBXGroup section */

/* Begin PBXNativeTarget section */
		43742A512AC6A05900791A18 /* BoilerPlate_development */ = {
			isa = PBXNativeTarget;
			buildConfigurationList = 43742A642AC6A05900791A18 /* Build configuration list for PBXNativeTarget "BoilerPlate_development" */;
			buildPhases = (
				43742A522AC6A05900791A18 /* [CP] Check Pods Manifest.lock */,
				43742A532AC6A05900791A18 /* Start Packager */,
				43742A542AC6A05900791A18 /* Sources */,
				43742A572AC6A05900791A18 /* Frameworks */,
				43742A592AC6A05900791A18 /* Resources */,
				43742A5F2AC6A05900791A18 /* Bundle React Native code and images */,
				43742A602AC6A05900791A18 /* [CP] Embed Pods Frameworks */,
				43742A612AC6A05900791A18 /* [CP] Copy Pods Resources */,
				43742A622AC6A05900791A18 /* ShellScript */,
				43742A632AC6A05900791A18 /* Embed App Extensions */,
			);
			buildRules = (
			);
			dependencies = (
			);
			name = BoilerPlate_development;
			productName = BoilerPlate;
			productReference = 43742A672AC6A05900791A18 /* BoilerPlate_development.app */;
			productType = "com.apple.product-type.application";
		};
		43742A692AC6A06A00791A18 /* BoilerPlate_staging */ = {
			isa = PBXNativeTarget;
			buildConfigurationList = 43742A7C2AC6A06A00791A18 /* Build configuration list for PBXNativeTarget "BoilerPlate_staging" */;
			buildPhases = (
				43742A6A2AC6A06A00791A18 /* [CP] Check Pods Manifest.lock */,
				43742A6B2AC6A06A00791A18 /* Start Packager */,
				43742A6C2AC6A06A00791A18 /* Sources */,
				43742A6F2AC6A06A00791A18 /* Frameworks */,
				43742A712AC6A06A00791A18 /* Resources */,
				43742A772AC6A06A00791A18 /* Bundle React Native code and images */,
				43742A782AC6A06A00791A18 /* [CP] Embed Pods Frameworks */,
				43742A792AC6A06A00791A18 /* [CP] Copy Pods Resources */,
				43742A7A2AC6A06A00791A18 /* ShellScript */,
				43742A7B2AC6A06A00791A18 /* Embed App Extensions */,
			);
			buildRules = (
			);
			dependencies = (
			);
			name = BoilerPlate_staging;
			productName = BoilerPlate;
			productReference = 43742A7F2AC6A06A00791A18 /* BoilerPlate_staging.app */;
			productType = "com.apple.product-type.application";
		};
		43B588582919196500C040E9 /* BoilerPlate */ = {
			isa = PBXNativeTarget;
			buildConfigurationList = 43B5886B2919196500C040E9 /* Build configuration list for PBXNativeTarget "BoilerPlate" */;
			buildPhases = (
				43B588592919196500C040E9 /* [CP] Check Pods Manifest.lock */,
				43B5885A2919196500C040E9 /* Start Packager */,
				43B5885B2919196500C040E9 /* Sources */,
				43B5885E2919196500C040E9 /* Frameworks */,
				43B588602919196500C040E9 /* Resources */,
				43B588662919196500C040E9 /* Bundle React Native code and images */,
				43B588672919196500C040E9 /* [CP] Embed Pods Frameworks */,
				43B588682919196500C040E9 /* [CP] Copy Pods Resources */,
				43B588692919196500C040E9 /* ShellScript */,
				43B5886A2919196500C040E9 /* Embed App Extensions */,
			);
			buildRules = (
			);
			dependencies = (
			);
			name = BoilerPlate;
			productName = BoilerPlate;
			productReference = 4371EE852AC688EC0077AECE /* BoilerPlate.app */;
			productType = "com.apple.product-type.application";
		};
/* End PBXNativeTarget section */

/* Begin PBXProject section */
		83CBB9F71A601CBA00E9B192 /* Project object */ = {
			isa = PBXProject;
			attributes = {
				LastSwiftUpdateCheck = 1300;
				LastUpgradeCheck = 1300;
			};
			buildConfigurationList = 83CBB9FA1A601CBA00E9B192 /* Build configuration list for PBXProject "BoilerPlate" */;
			compatibilityVersion = "Xcode 12.0";
			developmentRegion = en;
			hasScannedForEncodings = 0;
			knownRegions = (
				en,
				Base,
			);
			mainGroup = 83CBB9F61A601CBA00E9B192;
			productRefGroup = 83CBB9F61A601CBA00E9B192;
			projectDirPath = "";
			projectRoot = "";
			targets = (
				43B588582919196500C040E9 /* BoilerPlate */,
				43742A512AC6A05900791A18 /* BoilerPlate_development */,
				43742A692AC6A06A00791A18 /* BoilerPlate_staging */,
			);
		};
/* End PBXProject section */

/* Begin PBXResourcesBuildPhase section */
		43742A592AC6A05900791A18 /* Resources */ = {
			isa = PBXResourcesBuildPhase;
			buildActionMask = 2147483647;
			files = (
				43742A5A2AC6A05900791A18 /* Exo2-ExtraBoldItalic.ttf in Resources */,
				43742A5B2AC6A05900791A18 /* Roboto-Bold.ttf in Resources */,
				43742A5C2AC6A05900791A18 /* Roboto-Regular.ttf in Resources */,
				43742A5D2AC6A05900791A18 /* Images.xcassets in Resources */,
				43742A5E2AC6A05900791A18 /* LaunchScreen.storyboard in Resources */,
			);
			runOnlyForDeploymentPostprocessing = 0;
		};
		43742A712AC6A06A00791A18 /* Resources */ = {
			isa = PBXResourcesBuildPhase;
			buildActionMask = 2147483647;
			files = (
				43742A722AC6A06A00791A18 /* Exo2-ExtraBoldItalic.ttf in Resources */,
				43742A732AC6A06A00791A18 /* Roboto-Bold.ttf in Resources */,
				43742A742AC6A06A00791A18 /* Roboto-Regular.ttf in Resources */,
				43742A752AC6A06A00791A18 /* Images.xcassets in Resources */,
				43742A762AC6A06A00791A18 /* LaunchScreen.storyboard in Resources */,
			);
			runOnlyForDeploymentPostprocessing = 0;
		};
		43B588602919196500C040E9 /* Resources */ = {
			isa = PBXResourcesBuildPhase;
			buildActionMask = 2147483647;
			files = (
				43742A4C2AC69A1900791A18 /* Exo2-ExtraBoldItalic.ttf in Resources */,
				43742A4D2AC69A1900791A18 /* Roboto-Bold.ttf in Resources */,
				43742A4E2AC69A1900791A18 /* Roboto-Regular.ttf in Resources */,
				43742A4F2AC69A1900791A18 /* Images.xcassets in Resources */,
				43742A502AC69A1900791A18 /* LaunchScreen.storyboard in Resources */,
			);
			runOnlyForDeploymentPostprocessing = 0;
		};
/* End PBXResourcesBuildPhase section */

/* Begin PBXShellScriptBuildPhase section */
		43742A522AC6A05900791A18 /* [CP] Check Pods Manifest.lock */ = {
			isa = PBXShellScriptBuildPhase;
			buildActionMask = 2147483647;
			files = (
			);
			inputFileListPaths = (
			);
			inputPaths = (
				"${PODS_PODFILE_DIR_PATH}/Podfile.lock",
				"${PODS_ROOT}/Manifest.lock",
			);
			name = "[CP] Check Pods Manifest.lock";
			outputFileListPaths = (
			);
			outputPaths = (
				"$(DERIVED_FILE_DIR)/Pods-BoilerPlate-BoilerPlate_development-checkManifestLockResult.txt",
			);
			runOnlyForDeploymentPostprocessing = 0;
			shellPath = /bin/sh;
			shellScript = "diff \"${PODS_PODFILE_DIR_PATH}/Podfile.lock\" \"${PODS_ROOT}/Manifest.lock\" > /dev/null\nif [ $? != 0 ] ; then\n    # print error to STDERR\n    echo \"error: The sandbox is not in sync with the Podfile.lock. Run 'pod install' or update your CocoaPods installation.\" >&2\n    exit 1\nfi\n# This output is used by Xcode 'outputs' to avoid re-running this script phase.\necho \"SUCCESS\" > \"${SCRIPT_OUTPUT_FILE_0}\"\n";
			showEnvVarsInLog = 0;
		};
		43742A532AC6A05900791A18 /* Start Packager */ = {
			isa = PBXShellScriptBuildPhase;
			buildActionMask = 2147483647;
			files = (
			);
			inputFileListPaths = (
			);
			inputPaths = (
			);
			name = "Start Packager";
			outputFileListPaths = (
			);
			outputPaths = (
			);
			runOnlyForDeploymentPostprocessing = 0;
			shellPath = /bin/sh;
			shellScript = "export RCT_METRO_PORT=\"${RCT_METRO_PORT:=8081}\"\necho \"export RCT_METRO_PORT=${RCT_METRO_PORT}\" > \"${SRCROOT}/../node_modules/react-native/scripts/.packager.env\"\nif [ -z \"${RCT_NO_LAUNCH_PACKAGER+xxx}\" ] ; then\n  if nc -w 5 -z localhost ${RCT_METRO_PORT} ; then\n    if ! curl -s \"http://localhost:${RCT_METRO_PORT}/status\" | grep -q \"packager-status:running\" ; then\n      echo \"Port ${RCT_METRO_PORT} already in use, packager is either not running or not running correctly\"\n      exit 2\n    fi\n  else\n    open \"$SRCROOT/../node_modules/react-native/scripts/launchPackager.command\" || echo \"Can't start packager automatically\"\n  fi\nfi\n";
			showEnvVarsInLog = 0;
		};
		43742A5F2AC6A05900791A18 /* Bundle React Native code and images */ = {
			isa = PBXShellScriptBuildPhase;
			buildActionMask = 2147483647;
			files = (
			);
			inputPaths = (
			);
			name = "Bundle React Native code and images";
			outputPaths = (
			);
			runOnlyForDeploymentPostprocessing = 0;
			shellPath = /bin/sh;
			shellScript = "set -e\n\nexport NODE_BINARY=node\n../node_modules/react-native/scripts/react-native-xcode.sh\n";
		};
		43742A602AC6A05900791A18 /* [CP] Embed Pods Frameworks */ = {
			isa = PBXShellScriptBuildPhase;
			buildActionMask = 2147483647;
			files = (
			);
			inputFileListPaths = (
				"${PODS_ROOT}/Target Support Files/Pods-BoilerPlate-BoilerPlate_development/Pods-BoilerPlate-BoilerPlate_development-frameworks-${CONFIGURATION}-input-files.xcfilelist",
			);
			name = "[CP] Embed Pods Frameworks";
			outputFileListPaths = (
				"${PODS_ROOT}/Target Support Files/Pods-BoilerPlate-BoilerPlate_development/Pods-BoilerPlate-BoilerPlate_development-frameworks-${CONFIGURATION}-output-files.xcfilelist",
			);
			runOnlyForDeploymentPostprocessing = 0;
			shellPath = /bin/sh;
			shellScript = "\"${PODS_ROOT}/Target Support Files/Pods-BoilerPlate-BoilerPlate_development/Pods-BoilerPlate-BoilerPlate_development-frameworks.sh\"\n";
			showEnvVarsInLog = 0;
		};
		43742A612AC6A05900791A18 /* [CP] Copy Pods Resources */ = {
			isa = PBXShellScriptBuildPhase;
			buildActionMask = 2147483647;
			files = (
			);
			inputFileListPaths = (
				"${PODS_ROOT}/Target Support Files/Pods-BoilerPlate-BoilerPlate_development/Pods-BoilerPlate-BoilerPlate_development-resources-${CONFIGURATION}-input-files.xcfilelist",
			);
			name = "[CP] Copy Pods Resources";
			outputFileListPaths = (
				"${PODS_ROOT}/Target Support Files/Pods-BoilerPlate-BoilerPlate_development/Pods-BoilerPlate-BoilerPlate_development-resources-${CONFIGURATION}-output-files.xcfilelist",
			);
			runOnlyForDeploymentPostprocessing = 0;
			shellPath = /bin/sh;
			shellScript = "\"${PODS_ROOT}/Target Support Files/Pods-BoilerPlate-BoilerPlate_development/Pods-BoilerPlate-BoilerPlate_development-resources.sh\"\n";
			showEnvVarsInLog = 0;
		};
		43742A622AC6A05900791A18 /* ShellScript */ = {
			isa = PBXShellScriptBuildPhase;
			buildActionMask = 2147483647;
			files = (
			);
			inputFileListPaths = (
			);
			inputPaths = (
			);
			outputFileListPaths = (
			);
			outputPaths = (
			);
			runOnlyForDeploymentPostprocessing = 0;
			shellPath = /bin/sh;
			shellScript = "$SRCROOT/../app/DeploymentConstants/ios/createJSConstants.sh production.env\n";
		};
		43742A6A2AC6A06A00791A18 /* [CP] Check Pods Manifest.lock */ = {
			isa = PBXShellScriptBuildPhase;
			buildActionMask = 2147483647;
			files = (
			);
			inputFileListPaths = (
			);
			inputPaths = (
				"${PODS_PODFILE_DIR_PATH}/Podfile.lock",
				"${PODS_ROOT}/Manifest.lock",
			);
			name = "[CP] Check Pods Manifest.lock";
			outputFileListPaths = (
			);
			outputPaths = (
				"$(DERIVED_FILE_DIR)/Pods-BoilerPlate-BoilerPlate_staging-checkManifestLockResult.txt",
			);
			runOnlyForDeploymentPostprocessing = 0;
			shellPath = /bin/sh;
			shellScript = "diff \"${PODS_PODFILE_DIR_PATH}/Podfile.lock\" \"${PODS_ROOT}/Manifest.lock\" > /dev/null\nif [ $? != 0 ] ; then\n    # print error to STDERR\n    echo \"error: The sandbox is not in sync with the Podfile.lock. Run 'pod install' or update your CocoaPods installation.\" >&2\n    exit 1\nfi\n# This output is used by Xcode 'outputs' to avoid re-running this script phase.\necho \"SUCCESS\" > \"${SCRIPT_OUTPUT_FILE_0}\"\n";
			showEnvVarsInLog = 0;
		};
		43742A6B2AC6A06A00791A18 /* Start Packager */ = {
			isa = PBXShellScriptBuildPhase;
			buildActionMask = 2147483647;
			files = (
			);
			inputFileListPaths = (
			);
			inputPaths = (
			);
			name = "Start Packager";
			outputFileListPaths = (
			);
			outputPaths = (
			);
			runOnlyForDeploymentPostprocessing = 0;
			shellPath = /bin/sh;
			shellScript = "export RCT_METRO_PORT=\"${RCT_METRO_PORT:=8081}\"\necho \"export RCT_METRO_PORT=${RCT_METRO_PORT}\" > \"${SRCROOT}/../node_modules/react-native/scripts/.packager.env\"\nif [ -z \"${RCT_NO_LAUNCH_PACKAGER+xxx}\" ] ; then\n  if nc -w 5 -z localhost ${RCT_METRO_PORT} ; then\n    if ! curl -s \"http://localhost:${RCT_METRO_PORT}/status\" | grep -q \"packager-status:running\" ; then\n      echo \"Port ${RCT_METRO_PORT} already in use, packager is either not running or not running correctly\"\n      exit 2\n    fi\n  else\n    open \"$SRCROOT/../node_modules/react-native/scripts/launchPackager.command\" || echo \"Can't start packager automatically\"\n  fi\nfi\n";
			showEnvVarsInLog = 0;
		};
		43742A772AC6A06A00791A18 /* Bundle React Native code and images */ = {
			isa = PBXShellScriptBuildPhase;
			buildActionMask = 2147483647;
			files = (
			);
			inputPaths = (
			);
			name = "Bundle React Native code and images";
			outputPaths = (
			);
			runOnlyForDeploymentPostprocessing = 0;
			shellPath = /bin/sh;
			shellScript = "set -e\n\nexport NODE_BINARY=node\n../node_modules/react-native/scripts/react-native-xcode.sh\n";
		};
		43742A782AC6A06A00791A18 /* [CP] Embed Pods Frameworks */ = {
			isa = PBXShellScriptBuildPhase;
			buildActionMask = 2147483647;
			files = (
			);
			inputFileListPaths = (
				"${PODS_ROOT}/Target Support Files/Pods-BoilerPlate-BoilerPlate_staging/Pods-BoilerPlate-BoilerPlate_staging-frameworks-${CONFIGURATION}-input-files.xcfilelist",
			);
			name = "[CP] Embed Pods Frameworks";
			outputFileListPaths = (
				"${PODS_ROOT}/Target Support Files/Pods-BoilerPlate-BoilerPlate_staging/Pods-BoilerPlate-BoilerPlate_staging-frameworks-${CONFIGURATION}-output-files.xcfilelist",
			);
			runOnlyForDeploymentPostprocessing = 0;
			shellPath = /bin/sh;
			shellScript = "\"${PODS_ROOT}/Target Support Files/Pods-BoilerPlate-BoilerPlate_staging/Pods-BoilerPlate-BoilerPlate_staging-frameworks.sh\"\n";
			showEnvVarsInLog = 0;
		};
		43742A792AC6A06A00791A18 /* [CP] Copy Pods Resources */ = {
			isa = PBXShellScriptBuildPhase;
			buildActionMask = 2147483647;
			files = (
			);
			inputFileListPaths = (
				"${PODS_ROOT}/Target Support Files/Pods-BoilerPlate-BoilerPlate_staging/Pods-BoilerPlate-BoilerPlate_staging-resources-${CONFIGURATION}-input-files.xcfilelist",
			);
			name = "[CP] Copy Pods Resources";
			outputFileListPaths = (
				"${PODS_ROOT}/Target Support Files/Pods-BoilerPlate-BoilerPlate_staging/Pods-BoilerPlate-BoilerPlate_staging-resources-${CONFIGURATION}-output-files.xcfilelist",
			);
			runOnlyForDeploymentPostprocessing = 0;
			shellPath = /bin/sh;
			shellScript = "\"${PODS_ROOT}/Target Support Files/Pods-BoilerPlate-BoilerPlate_staging/Pods-BoilerPlate-BoilerPlate_staging-resources.sh\"\n";
			showEnvVarsInLog = 0;
		};
		43742A7A2AC6A06A00791A18 /* ShellScript */ = {
			isa = PBXShellScriptBuildPhase;
			buildActionMask = 2147483647;
			files = (
			);
			inputFileListPaths = (
			);
			inputPaths = (
			);
			outputFileListPaths = (
			);
			outputPaths = (
			);
			runOnlyForDeploymentPostprocessing = 0;
			shellPath = /bin/sh;
			shellScript = "$SRCROOT/../app/DeploymentConstants/ios/createJSConstants.sh production.env\n";
		};
		43B588592919196500C040E9 /* [CP] Check Pods Manifest.lock */ = {
			isa = PBXShellScriptBuildPhase;
			buildActionMask = 2147483647;
			files = (
			);
			inputFileListPaths = (
			);
			inputPaths = (
				"${PODS_PODFILE_DIR_PATH}/Podfile.lock",
				"${PODS_ROOT}/Manifest.lock",
			);
			name = "[CP] Check Pods Manifest.lock";
			outputFileListPaths = (
			);
			outputPaths = (
				"$(DERIVED_FILE_DIR)/Pods-BoilerPlate-checkManifestLockResult.txt",
			);
			runOnlyForDeploymentPostprocessing = 0;
			shellPath = /bin/sh;
			shellScript = "diff \"${PODS_PODFILE_DIR_PATH}/Podfile.lock\" \"${PODS_ROOT}/Manifest.lock\" > /dev/null\nif [ $? != 0 ] ; then\n    # print error to STDERR\n    echo \"error: The sandbox is not in sync with the Podfile.lock. Run 'pod install' or update your CocoaPods installation.\" >&2\n    exit 1\nfi\n# This output is used by Xcode 'outputs' to avoid re-running this script phase.\necho \"SUCCESS\" > \"${SCRIPT_OUTPUT_FILE_0}\"\n";
			showEnvVarsInLog = 0;
		};
		43B5885A2919196500C040E9 /* Start Packager */ = {
			isa = PBXShellScriptBuildPhase;
			buildActionMask = 2147483647;
			files = (
			);
			inputFileListPaths = (
			);
			inputPaths = (
			);
			name = "Start Packager";
			outputFileListPaths = (
			);
			outputPaths = (
			);
			runOnlyForDeploymentPostprocessing = 0;
			shellPath = /bin/sh;
			shellScript = "export RCT_METRO_PORT=\"${RCT_METRO_PORT:=8081}\"\necho \"export RCT_METRO_PORT=${RCT_METRO_PORT}\" > \"${SRCROOT}/../node_modules/react-native/scripts/.packager.env\"\nif [ -z \"${RCT_NO_LAUNCH_PACKAGER+xxx}\" ] ; then\n  if nc -w 5 -z localhost ${RCT_METRO_PORT} ; then\n    if ! curl -s \"http://localhost:${RCT_METRO_PORT}/status\" | grep -q \"packager-status:running\" ; then\n      echo \"Port ${RCT_METRO_PORT} already in use, packager is either not running or not running correctly\"\n      exit 2\n    fi\n  else\n    open \"$SRCROOT/../node_modules/react-native/scripts/launchPackager.command\" || echo \"Can't start packager automatically\"\n  fi\nfi\n";
			showEnvVarsInLog = 0;
		};
		43B588662919196500C040E9 /* Bundle React Native code and images */ = {
			isa = PBXShellScriptBuildPhase;
			buildActionMask = 2147483647;
			files = (
			);
			inputPaths = (
			);
			name = "Bundle React Native code and images";
			outputPaths = (
			);
			runOnlyForDeploymentPostprocessing = 0;
			shellPath = /bin/sh;
			shellScript = "set -e\n\nexport NODE_BINARY=node\n../node_modules/react-native/scripts/react-native-xcode.sh\n";
		};
		43B588672919196500C040E9 /* [CP] Embed Pods Frameworks */ = {
			isa = PBXShellScriptBuildPhase;
			buildActionMask = 2147483647;
			files = (
			);
			inputFileListPaths = (
				"${PODS_ROOT}/Target Support Files/Pods-BoilerPlate/Pods-BoilerPlate-frameworks-${CONFIGURATION}-input-files.xcfilelist",
			);
			name = "[CP] Embed Pods Frameworks";
			outputFileListPaths = (
				"${PODS_ROOT}/Target Support Files/Pods-BoilerPlate/Pods-BoilerPlate-frameworks-${CONFIGURATION}-output-files.xcfilelist",
			);
			runOnlyForDeploymentPostprocessing = 0;
			shellPath = /bin/sh;
			shellScript = "\"${PODS_ROOT}/Target Support Files/Pods-BoilerPlate/Pods-BoilerPlate-frameworks.sh\"\n";
			showEnvVarsInLog = 0;
		};
		43B588682919196500C040E9 /* [CP] Copy Pods Resources */ = {
			isa = PBXShellScriptBuildPhase;
			buildActionMask = 2147483647;
			files = (
			);
			inputFileListPaths = (
				"${PODS_ROOT}/Target Support Files/Pods-BoilerPlate/Pods-BoilerPlate-resources-${CONFIGURATION}-input-files.xcfilelist",
			);
			name = "[CP] Copy Pods Resources";
			outputFileListPaths = (
				"${PODS_ROOT}/Target Support Files/Pods-BoilerPlate/Pods-BoilerPlate-resources-${CONFIGURATION}-output-files.xcfilelist",
			);
			runOnlyForDeploymentPostprocessing = 0;
			shellPath = /bin/sh;
			shellScript = "\"${PODS_ROOT}/Target Support Files/Pods-BoilerPlate/Pods-BoilerPlate-resources.sh\"\n";
			showEnvVarsInLog = 0;
		};
		43B588692919196500C040E9 /* ShellScript */ = {
			isa = PBXShellScriptBuildPhase;
			buildActionMask = 2147483647;
			files = (
			);
			inputFileListPaths = (
			);
			inputPaths = (
			);
			outputFileListPaths = (
			);
			outputPaths = (
			);
			runOnlyForDeploymentPostprocessing = 0;
			shellPath = /bin/sh;
			shellScript = "$SRCROOT/../app/DeploymentConstants/ios/createJSConstants.sh production.env\n";
		};
/* End PBXShellScriptBuildPhase section */

/* Begin PBXSourcesBuildPhase section */
		43742A542AC6A05900791A18 /* Sources */ = {
			isa = PBXSourcesBuildPhase;
			buildActionMask = 2147483647;
			files = (
				43742A552AC6A05900791A18 /* AppDelegate.mm in Sources */,
				43742A562AC6A05900791A18 /* main.m in Sources */,
			);
			runOnlyForDeploymentPostprocessing = 0;
		};
		43742A6C2AC6A06A00791A18 /* Sources */ = {
			isa = PBXSourcesBuildPhase;
			buildActionMask = 2147483647;
			files = (
				43742A6D2AC6A06A00791A18 /* AppDelegate.mm in Sources */,
				43742A6E2AC6A06A00791A18 /* main.m in Sources */,
			);
			runOnlyForDeploymentPostprocessing = 0;
		};
		43B5885B2919196500C040E9 /* Sources */ = {
			isa = PBXSourcesBuildPhase;
			buildActionMask = 2147483647;
			files = (
				43B5885C2919196500C040E9 /* AppDelegate.mm in Sources */,
				43B5885D2919196500C040E9 /* main.m in Sources */,
			);
			runOnlyForDeploymentPostprocessing = 0;
		};
/* End PBXSourcesBuildPhase section */

/* Begin XCBuildConfiguration section */
		43742A652AC6A05900791A18 /* Debug */ = {
			isa = XCBuildConfiguration;
			baseConfigurationReference = 5C0EB1B981A8B6BD2D941359 /* Pods-BoilerPlate-BoilerPlate_development.debug.xcconfig */;
			buildSettings = {
				ALWAYS_EMBED_SWIFT_STANDARD_LIBRARIES = "$(inherited)";
				ASSETCATALOG_COMPILER_APPICON_NAME = AppIcon;
				CLANG_ENABLE_MODULES = YES;
				CODE_SIGN_STYLE = Manual;
				CURRENT_PROJECT_VERSION = 1;
				DEVELOPMENT_TEAM = M6ENXWGY3Q;
				ENABLE_BITCODE = NO;
				INFOPLIST_FILE = BoilerPlate_development.plist;
				INFOPLIST_KEY_CFBundleDisplayName = BoilerPlate_development;
				LD_RUNPATH_SEARCH_PATHS = (
					"$(inherited)",
					"@executable_path/Frameworks",
				);
				OTHER_LDFLAGS = (
					"$(inherited)",
					"-ObjC",
					"-lc++",
				);
				PRODUCT_BUNDLE_IDENTIFIER = com.boilerplate.development;
				PRODUCT_NAME = "$(TARGET_NAME)";
				PROVISIONING_PROFILE_SPECIFIER = "General Profile Development";
				SWIFT_OPTIMIZATION_LEVEL = "-Onone";
				SWIFT_VERSION = 5.0;
				VERSIONING_SYSTEM = "apple-generic";
			};
			name = Debug;
		};
		43742A662AC6A05900791A18 /* Release */ = {
			isa = XCBuildConfiguration;
			baseConfigurationReference = 15FAA6213457E754B89DA375 /* Pods-BoilerPlate-BoilerPlate_development.release.xcconfig */;
			buildSettings = {
				ALWAYS_EMBED_SWIFT_STANDARD_LIBRARIES = "$(inherited)";
				ASSETCATALOG_COMPILER_APPICON_NAME = AppIcon;
				CLANG_ENABLE_MODULES = YES;
				CODE_SIGN_STYLE = Manual;
				CURRENT_PROJECT_VERSION = 1;
				DEVELOPMENT_TEAM = M6ENXWGY3Q;
				INFOPLIST_FILE = BoilerPlate_development.plist;
				INFOPLIST_KEY_CFBundleDisplayName = BoilerPlate_development;
				LD_RUNPATH_SEARCH_PATHS = (
					"$(inherited)",
					"@executable_path/Frameworks",
				);
				OTHER_LDFLAGS = (
					"$(inherited)",
					"-ObjC",
					"-lc++",
				);
				PRODUCT_BUNDLE_IDENTIFIER = com.boilerplate.development;
				PRODUCT_NAME = "$(TARGET_NAME)";
				PROVISIONING_PROFILE_SPECIFIER = "General Profile Development";
				SWIFT_VERSION = 5.0;
				VERSIONING_SYSTEM = "apple-generic";
			};
			name = Release;
		};
		43742A7D2AC6A06A00791A18 /* Debug */ = {
			isa = XCBuildConfiguration;
			baseConfigurationReference = 4B69BE75C9381D425D8DEA09 /* Pods-BoilerPlate-BoilerPlate_staging.debug.xcconfig */;
			buildSettings = {
				ALWAYS_EMBED_SWIFT_STANDARD_LIBRARIES = "$(inherited)";
				ASSETCATALOG_COMPILER_APPICON_NAME = AppIcon;
				CLANG_ENABLE_MODULES = YES;
				CODE_SIGN_STYLE = Manual;
				CURRENT_PROJECT_VERSION = 1;
				DEVELOPMENT_TEAM = M6ENXWGY3Q;
				ENABLE_BITCODE = NO;
				INFOPLIST_FILE = BoilerPlate_staging.plist;
				INFOPLIST_KEY_CFBundleDisplayName = BoilerPlate_Staging;
				LD_RUNPATH_SEARCH_PATHS = (
					"$(inherited)",
					"@executable_path/Frameworks",
				);
				OTHER_LDFLAGS = (
					"$(inherited)",
					"-ObjC",
					"-lc++",
				);
				PRODUCT_BUNDLE_IDENTIFIER = com.boilerplate.staging;
				PRODUCT_NAME = "$(TARGET_NAME)";
				PROVISIONING_PROFILE_SPECIFIER = "General Profile Development";
				SWIFT_OPTIMIZATION_LEVEL = "-Onone";
				SWIFT_VERSION = 5.0;
				VERSIONING_SYSTEM = "apple-generic";
			};
			name = Debug;
		};
		43742A7E2AC6A06A00791A18 /* Release */ = {
			isa = XCBuildConfiguration;
			baseConfigurationReference = D8B1FA5BE97539C99D6A018B /* Pods-BoilerPlate-BoilerPlate_staging.release.xcconfig */;
			buildSettings = {
				ALWAYS_EMBED_SWIFT_STANDARD_LIBRARIES = "$(inherited)";
				ASSETCATALOG_COMPILER_APPICON_NAME = AppIcon;
				CLANG_ENABLE_MODULES = YES;
				CODE_SIGN_STYLE = Manual;
				CURRENT_PROJECT_VERSION = 1;
				DEVELOPMENT_TEAM = M6ENXWGY3Q;
				INFOPLIST_FILE = BoilerPlate_staging.plist;
				INFOPLIST_KEY_CFBundleDisplayName = BoilerPlate_Staging;
				LD_RUNPATH_SEARCH_PATHS = (
					"$(inherited)",
					"@executable_path/Frameworks",
				);
				OTHER_LDFLAGS = (
					"$(inherited)",
					"-ObjC",
					"-lc++",
				);
				PRODUCT_BUNDLE_IDENTIFIER = com.boilerplate.staging;
				PRODUCT_NAME = "$(TARGET_NAME)";
				PROVISIONING_PROFILE_SPECIFIER = "General Profile Development";
				SWIFT_VERSION = 5.0;
				VERSIONING_SYSTEM = "apple-generic";
			};
			name = Release;
		};
		43B5886C2919196500C040E9 /* Debug */ = {
			isa = XCBuildConfiguration;
			baseConfigurationReference = 25F9D886A299272A050A361F /* Pods-BoilerPlate.debug.xcconfig */;
			buildSettings = {
				ALWAYS_EMBED_SWIFT_STANDARD_LIBRARIES = "$(inherited)";
				ASSETCATALOG_COMPILER_APPICON_NAME = AppIcon;
				CLANG_ENABLE_MODULES = YES;
				CODE_SIGN_STYLE = Manual;
				CURRENT_PROJECT_VERSION = 1;
				DEVELOPMENT_TEAM = M6ENXWGY3Q;
				ENABLE_BITCODE = NO;
				INFOPLIST_FILE = BoilerPlate/Info.plist;
				INFOPLIST_KEY_CFBundleDisplayName = BoilerPlate;
				LD_RUNPATH_SEARCH_PATHS = (
					"$(inherited)",
					"@executable_path/Frameworks",
				);
				OTHER_LDFLAGS = (
					"$(inherited)",
					"-ObjC",
					"-lc++",
				);
				PRODUCT_BUNDLE_IDENTIFIER = com.boilerplate;
				PRODUCT_NAME = "$(TARGET_NAME)";
				PROVISIONING_PROFILE_SPECIFIER = "General Profile Development";
				SWIFT_OPTIMIZATION_LEVEL = "-Onone";
				SWIFT_VERSION = 5.0;
				VERSIONING_SYSTEM = "apple-generic";
			};
			name = Debug;
		};
		43B5886D2919196500C040E9 /* Release */ = {
			isa = XCBuildConfiguration;
			baseConfigurationReference = B2D740CBD03569BB04818C92 /* Pods-BoilerPlate.release.xcconfig */;
			buildSettings = {
				ALWAYS_EMBED_SWIFT_STANDARD_LIBRARIES = "$(inherited)";
				ASSETCATALOG_COMPILER_APPICON_NAME = AppIcon;
				CLANG_ENABLE_MODULES = YES;
				CODE_SIGN_STYLE = Manual;
				CURRENT_PROJECT_VERSION = 1;
				DEVELOPMENT_TEAM = M6ENXWGY3Q;
				INFOPLIST_FILE = BoilerPlate/Info.plist;
				INFOPLIST_KEY_CFBundleDisplayName = BoilerPlate;
				LD_RUNPATH_SEARCH_PATHS = (
					"$(inherited)",
					"@executable_path/Frameworks",
				);
				OTHER_LDFLAGS = (
					"$(inherited)",
					"-ObjC",
					"-lc++",
				);
				PRODUCT_BUNDLE_IDENTIFIER = com.boilerplate;
				PRODUCT_NAME = "$(TARGET_NAME)";
				PROVISIONING_PROFILE_SPECIFIER = "General Profile Development";
				SWIFT_VERSION = 5.0;
				VERSIONING_SYSTEM = "apple-generic";
			};
			name = Release;
		};
		83CBBA201A601CBA00E9B192 /* Debug */ = {
			isa = XCBuildConfiguration;
			buildSettings = {
				ALWAYS_SEARCH_USER_PATHS = NO;
				CLANG_ANALYZER_LOCALIZABILITY_NONLOCALIZED = YES;
				CLANG_CXX_LANGUAGE_STANDARD = "c++17";
				CLANG_CXX_LIBRARY = "libc++";
				CLANG_ENABLE_MODULES = YES;
				CLANG_ENABLE_OBJC_ARC = YES;
				CLANG_WARN_BLOCK_CAPTURE_AUTORELEASING = YES;
				CLANG_WARN_BOOL_CONVERSION = YES;
				CLANG_WARN_COMMA = YES;
				CLANG_WARN_CONSTANT_CONVERSION = YES;
				CLANG_WARN_DEPRECATED_OBJC_IMPLEMENTATIONS = YES;
				CLANG_WARN_DIRECT_OBJC_ISA_USAGE = YES_ERROR;
				CLANG_WARN_EMPTY_BODY = YES;
				CLANG_WARN_ENUM_CONVERSION = YES;
				CLANG_WARN_INFINITE_RECURSION = YES;
				CLANG_WARN_INT_CONVERSION = YES;
				CLANG_WARN_NON_LITERAL_NULL_CONVERSION = YES;
				CLANG_WARN_OBJC_IMPLICIT_RETAIN_SELF = YES;
				CLANG_WARN_OBJC_LITERAL_CONVERSION = YES;
				CLANG_WARN_OBJC_ROOT_CLASS = YES_ERROR;
				CLANG_WARN_QUOTED_INCLUDE_IN_FRAMEWORK_HEADER = YES;
				CLANG_WARN_RANGE_LOOP_ANALYSIS = YES;
				CLANG_WARN_STRICT_PROTOTYPES = YES;
				CLANG_WARN_SUSPICIOUS_MOVE = YES;
				CLANG_WARN_UNREACHABLE_CODE = YES;
				CLANG_WARN__DUPLICATE_METHOD_MATCH = YES;
				"CODE_SIGN_IDENTITY[sdk=iphoneos*]" = "iPhone Developer";
				COPY_PHASE_STRIP = NO;
				ENABLE_STRICT_OBJC_MSGSEND = YES;
				ENABLE_TESTABILITY = YES;
				"EXCLUDED_ARCHS[sdk=iphonesimulator*]" = i386;
				GCC_C_LANGUAGE_STANDARD = gnu99;
				GCC_DYNAMIC_NO_PIC = NO;
				GCC_NO_COMMON_BLOCKS = YES;
				GCC_OPTIMIZATION_LEVEL = 0;
				GCC_PREPROCESSOR_DEFINITIONS = (
					"DEBUG=1",
					"$(inherited)",
				);
				GCC_SYMBOLS_PRIVATE_EXTERN = NO;
				GCC_WARN_64_TO_32_BIT_CONVERSION = YES;
				GCC_WARN_ABOUT_RETURN_TYPE = YES_ERROR;
				GCC_WARN_UNDECLARED_SELECTOR = YES;
				GCC_WARN_UNINITIALIZED_AUTOS = YES_AGGRESSIVE;
				GCC_WARN_UNUSED_FUNCTION = YES;
				GCC_WARN_UNUSED_VARIABLE = YES;
				INFOPLIST_FILE = BoilerPlate/Info.plist;
				IPHONEOS_DEPLOYMENT_TARGET = 12.4;
				LD_RUNPATH_SEARCH_PATHS = (
					/usr/lib/swift,
					"$(inherited)",
				);
				LIBRARY_SEARCH_PATHS = (
					"\"$(SDKROOT)/usr/lib/swift\"",
					"\"$(TOOLCHAIN_DIR)/usr/lib/swift/$(PLATFORM_NAME)\"",
					"\"$(inherited)\"",
				);
				MTL_ENABLE_DEBUG_INFO = YES;
				ONLY_ACTIVE_ARCH = YES;
				OTHER_CPLUSPLUSFLAGS = (
					"$(OTHER_CFLAGS)",
					"-DFOLLY_NO_CONFIG",
					"-DFOLLY_MOBILE=1",
					"-DFOLLY_USE_LIBCPP=1",
				);
				REACT_NATIVE_PATH = "${PODS_ROOT}/../../node_modules/react-native";
				SDKROOT = iphoneos;
			};
			name = Debug;
		};
		83CBBA211A601CBA00E9B192 /* Release */ = {
			isa = XCBuildConfiguration;
			buildSettings = {
				ALWAYS_SEARCH_USER_PATHS = NO;
				CLANG_ANALYZER_LOCALIZABILITY_NONLOCALIZED = YES;
				CLANG_CXX_LANGUAGE_STANDARD = "c++17";
				CLANG_CXX_LIBRARY = "libc++";
				CLANG_ENABLE_MODULES = YES;
				CLANG_ENABLE_OBJC_ARC = YES;
				CLANG_WARN_BLOCK_CAPTURE_AUTORELEASING = YES;
				CLANG_WARN_BOOL_CONVERSION = YES;
				CLANG_WARN_COMMA = YES;
				CLANG_WARN_CONSTANT_CONVERSION = YES;
				CLANG_WARN_DEPRECATED_OBJC_IMPLEMENTATIONS = YES;
				CLANG_WARN_DIRECT_OBJC_ISA_USAGE = YES_ERROR;
				CLANG_WARN_EMPTY_BODY = YES;
				CLANG_WARN_ENUM_CONVERSION = YES;
				CLANG_WARN_INFINITE_RECURSION = YES;
				CLANG_WARN_INT_CONVERSION = YES;
				CLANG_WARN_NON_LITERAL_NULL_CONVERSION = YES;
				CLANG_WARN_OBJC_IMPLICIT_RETAIN_SELF = YES;
				CLANG_WARN_OBJC_LITERAL_CONVERSION = YES;
				CLANG_WARN_OBJC_ROOT_CLASS = YES_ERROR;
				CLANG_WARN_QUOTED_INCLUDE_IN_FRAMEWORK_HEADER = YES;
				CLANG_WARN_RANGE_LOOP_ANALYSIS = YES;
				CLANG_WARN_STRICT_PROTOTYPES = YES;
				CLANG_WARN_SUSPICIOUS_MOVE = YES;
				CLANG_WARN_UNREACHABLE_CODE = YES;
				CLANG_WARN__DUPLICATE_METHOD_MATCH = YES;
				"CODE_SIGN_IDENTITY[sdk=iphoneos*]" = "iPhone Developer";
				COPY_PHASE_STRIP = YES;
				ENABLE_NS_ASSERTIONS = NO;
				ENABLE_STRICT_OBJC_MSGSEND = YES;
				"EXCLUDED_ARCHS[sdk=iphonesimulator*]" = i386;
				GCC_C_LANGUAGE_STANDARD = gnu99;
				GCC_NO_COMMON_BLOCKS = YES;
				GCC_WARN_64_TO_32_BIT_CONVERSION = YES;
				GCC_WARN_ABOUT_RETURN_TYPE = YES_ERROR;
				GCC_WARN_UNDECLARED_SELECTOR = YES;
				GCC_WARN_UNINITIALIZED_AUTOS = YES_AGGRESSIVE;
				GCC_WARN_UNUSED_FUNCTION = YES;
				GCC_WARN_UNUSED_VARIABLE = YES;
				INFOPLIST_FILE = BoilerPlate/Info.plist;
				IPHONEOS_DEPLOYMENT_TARGET = 12.4;
				LD_RUNPATH_SEARCH_PATHS = (
					/usr/lib/swift,
					"$(inherited)",
				);
				LIBRARY_SEARCH_PATHS = (
					"\"$(SDKROOT)/usr/lib/swift\"",
					"\"$(TOOLCHAIN_DIR)/usr/lib/swift/$(PLATFORM_NAME)\"",
					"\"$(inherited)\"",
				);
				MTL_ENABLE_DEBUG_INFO = NO;
				OTHER_CPLUSPLUSFLAGS = (
					"$(OTHER_CFLAGS)",
					"-DFOLLY_NO_CONFIG",
					"-DFOLLY_MOBILE=1",
					"-DFOLLY_USE_LIBCPP=1",
				);
				REACT_NATIVE_PATH = "${PODS_ROOT}/../../node_modules/react-native";
				SDKROOT = iphoneos;
				VALIDATE_PRODUCT = YES;
			};
			name = Release;
		};
/* End XCBuildConfiguration section */

/* Begin XCConfigurationList section */
		43742A642AC6A05900791A18 /* Build configuration list for PBXNativeTarget "BoilerPlate_development" */ = {
			isa = XCConfigurationList;
			buildConfigurations = (
				43742A652AC6A05900791A18 /* Debug */,
				43742A662AC6A05900791A18 /* Release */,
			);
			defaultConfigurationIsVisible = 0;
			defaultConfigurationName = Release;
		};
		43742A7C2AC6A06A00791A18 /* Build configuration list for PBXNativeTarget "BoilerPlate_staging" */ = {
			isa = XCConfigurationList;
			buildConfigurations = (
				43742A7D2AC6A06A00791A18 /* Debug */,
				43742A7E2AC6A06A00791A18 /* Release */,
			);
			defaultConfigurationIsVisible = 0;
			defaultConfigurationName = Release;
		};
		43B5886B2919196500C040E9 /* Build configuration list for PBXNativeTarget "BoilerPlate" */ = {
			isa = XCConfigurationList;
			buildConfigurations = (
				43B5886C2919196500C040E9 /* Debug */,
				43B5886D2919196500C040E9 /* Release */,
			);
			defaultConfigurationIsVisible = 0;
			defaultConfigurationName = Release;
		};
		83CBB9FA1A601CBA00E9B192 /* Build configuration list for PBXProject "BoilerPlate" */ = {
			isa = XCConfigurationList;
			buildConfigurations = (
				83CBBA201A601CBA00E9B192 /* Debug */,
				83CBBA211A601CBA00E9B192 /* Release */,
			);
			defaultConfigurationIsVisible = 0;
			defaultConfigurationName = Release;
		};
/* End XCConfigurationList section */
	};
	rootObject = 83CBB9F71A601CBA00E9B192 /* Project object */;
}
